
Microsoft Visual Studio Solution File, Format Version 12.00
# Visual Studio Version 17
VisualStudioVersion = 17.5.33530.505
MinimumVisualStudioVersion = 10.0.40219.1
Project("{FAE04EC0-301F-11D3-BF4B-00C04F79EFBC}") = "TanakhsApi", "TanakhsApi.csproj", "{C07A39E4-EBA9-46E6-BB7A-485550723D94}"
EndProject
Global
	GlobalSection(SolutionConfigurationPlatforms) = preSolution
		Debug|Any CPU = Debug|Any CPU
		Release|Any CPU = Release|Any CPU
	EndGlobalSection
	GlobalSection(ProjectConfigurationPlatforms) = postSolution
		{C07A39E4-EBA9-46E6-BB7A-485550723D94}.Debug|Any CPU.ActiveCfg = Debug|Any CPU
		{C07A39E4-EBA9-46E6-BB7A-485550723D94}.Debug|Any CPU.Build.0 = Debug|Any CPU
		{C07A39E4-EBA9-46E6-BB7A-485550723D94}.Release|Any CPU.ActiveCfg = Release|Any CPU
		{C07A39E4-EBA9-46E6-BB7A-485550723D94}.Release|Any CPU.Build.0 = Release|Any CPU
	EndGlobalSection
	GlobalSection(SolutionProperties) = preSolution
		HideSolutionNode = FALSE
	EndGlobalSection
	GlobalSection(ExtensibilityGlobals) = postSolution
		SolutionGuid = {D698DA31-CDA0-42CA-AC86-A28E0255BE50}
	EndGlobalSection
EndGlobal
